
Microsoft Visual Studio Solution File, Format Version 12.00
# Visual Studio Version 17
VisualStudioVersion = 17.14.36310.24 d17.14
MinimumVisualStudioVersion = 10.0.40219.1
Project("{FAE04EC0-301F-11D3-BF4B-00C04F79EFBC}") = "KFTS", "KFTS.csproj", "{53AE8AE4-80C6-4F2D-8691-A3EB621AED6A}"
EndProject
Project("{FAE04EC0-301F-11D3-BF4B-00C04F79EFBC}") = "KFTSEntityLayer", "..\KFTSEntityLayer\KFTSEntityLayer.csproj", "{BC88FD7D-1A44-41B3-BD91-2D14C48EA0C3}"
EndProject
Project("{FAE04EC0-301F-11D3-BF4B-00C04F79EFBC}") = "KFTSDataAccessLayer", "..\KFTSDataAccessLayer\KFTSDataAccessLayer.csproj", "{1092CB36-F0DA-4828-94E3-06C9CBAB1ECC}"
EndProject
Project("{FAE04EC0-301F-11D3-BF4B-00C04F79EFBC}") = "KFTSBussinesLayer", "..\KFTSBussinesLayer\KFTSBussinesLayer.csproj", "{08FAE634-DBBE-49B6-BBB6-5AD5A4467F88}"
EndProject
Project("{FAE04EC0-301F-11D3-BF4B-00C04F79EFBC}") = "KFTSCoreLayer", "..\KFTSCoreLayer\KFTSCoreLayer.csproj", "{5E98B456-F22D-43AB-8161-EEC1CAA0663E}"
EndProject
Global
	GlobalSection(SolutionConfigurationPlatforms) = preSolution
		Debug|Any CPU = Debug|Any CPU
		Release|Any CPU = Release|Any CPU
	EndGlobalSection
	GlobalSection(ProjectConfigurationPlatforms) = postSolution
		{53AE8AE4-80C6-4F2D-8691-A3EB621AED6A}.Debug|Any CPU.ActiveCfg = Debug|Any CPU
		{53AE8AE4-80C6-4F2D-8691-A3EB621AED6A}.Debug|Any CPU.Build.0 = Debug|Any CPU
		{53AE8AE4-80C6-4F2D-8691-A3EB621AED6A}.Release|Any CPU.ActiveCfg = Release|Any CPU
		{53AE8AE4-80C6-4F2D-8691-A3EB621AED6A}.Release|Any CPU.Build.0 = Release|Any CPU
		{BC88FD7D-1A44-41B3-BD91-2D14C48EA0C3}.Debug|Any CPU.ActiveCfg = Debug|Any CPU
		{BC88FD7D-1A44-41B3-BD91-2D14C48EA0C3}.Debug|Any CPU.Build.0 = Debug|Any CPU
		{BC88FD7D-1A44-41B3-BD91-2D14C48EA0C3}.Release|Any CPU.ActiveCfg = Release|Any CPU
		{BC88FD7D-1A44-41B3-BD91-2D14C48EA0C3}.Release|Any CPU.Build.0 = Release|Any CPU
		{1092CB36-F0DA-4828-94E3-06C9CBAB1ECC}.Debug|Any CPU.ActiveCfg = Debug|Any CPU
		{1092CB36-F0DA-4828-94E3-06C9CBAB1ECC}.Debug|Any CPU.Build.0 = Debug|Any CPU
		{1092CB36-F0DA-4828-94E3-06C9CBAB1ECC}.Release|Any CPU.ActiveCfg = Release|Any CPU
		{1092CB36-F0DA-4828-94E3-06C9CBAB1ECC}.Release|Any CPU.Build.0 = Release|Any CPU
		{08FAE634-DBBE-49B6-BBB6-5AD5A4467F88}.Debug|Any CPU.ActiveCfg = Debug|Any CPU
		{08FAE634-DBBE-49B6-BBB6-5AD5A4467F88}.Debug|Any CPU.Build.0 = Debug|Any CPU
		{08FAE634-DBBE-49B6-BBB6-5AD5A4467F88}.Release|Any CPU.ActiveCfg = Release|Any CPU
		{08FAE634-DBBE-49B6-BBB6-5AD5A4467F88}.Release|Any CPU.Build.0 = Release|Any CPU
		{5E98B456-F22D-43AB-8161-EEC1CAA0663E}.Debug|Any CPU.ActiveCfg = Debug|Any CPU
		{5E98B456-F22D-43AB-8161-EEC1CAA0663E}.Debug|Any CPU.Build.0 = Debug|Any CPU
		{5E98B456-F22D-43AB-8161-EEC1CAA0663E}.Release|Any CPU.ActiveCfg = Release|Any CPU
		{5E98B456-F22D-43AB-8161-EEC1CAA0663E}.Release|Any CPU.Build.0 = Release|Any CPU
	EndGlobalSection
	GlobalSection(SolutionProperties) = preSolution
		HideSolutionNode = FALSE
	EndGlobalSection
	GlobalSection(ExtensibilityGlobals) = postSolution
		SolutionGuid = {AD5466AA-E22A-45FB-BB08-7BB3970A9EE4}
	EndGlobalSection
EndGlobal
